<?xml version="1.0" encoding="UTF-8" standalone="yes" ?>
<CodeBlocks_project_file>
	<FileVersion major="1" minor="6" />
	<Project>
		<Option title="MijnWindows" />
		<Option makefile="makefile" />
		<Option pch_mode="2" />
		<Option compiler="gcc" />
		<Build>
			<Target title="Debug Win32">
				<Option output="Output\Debug\libMijnWindows" prefix_auto="1" extension_auto="1" />
				<Option working_dir="" />
				<Option object_output="Output\Debug" />
				<Option type="2" />
				<Option compiler="gcc" />
				<Option createDefFile="1" />
				<Compiler>
					<Add option="-Wall" />
					<Add option="-g" />
					<Add option="-O0" />
					<Add option="-DWIN32" />
					<Add option="-D_DEBUG" />
					<Add option="-D_LIB" />
					<Add option="-DPRINT_MESSAGES=0" />
					<Add option="-DUNICODE" />
					<Add option="-D_UNICODE" />
					<Add option="-DWINVER=0x0601" />
					<Add directory="E:\Projects\CodeBlocks\Tekenen\MijnWindows\Source" />
				</Compiler>
				<ResourceCompiler>
					<Add directory="E:\Projects\CodeBlocks\Tekenen\MijnWindows\Source" />
				</ResourceCompiler>
			</Target>
			<Target title="Release Win32">
				<Option output="Output\Release\libMijnWindows" prefix_auto="1" extension_auto="1" />
				<Option working_dir="" />
				<Option object_output="Output\Release" />
				<Option type="2" />
				<Option compiler="gcc" />
				<Option createDefFile="1" />
				<Compiler>
					<Add option="-Wall" />
					<Add option="-DWIN32" />
					<Add option="-DNDEBUG" />
					<Add option="-D_LIB" />
					<Add option="-DUNICODE" />
					<Add option="-D_UNICODE" />
					<Add option="-DWINVER=0x0601" />
					<Add directory="E:\Projects\CodeBlocks\Tekenen\MijnWindows\Source" />
				</Compiler>
				<ResourceCompiler>
					<Add directory="E:\Projects\CodeBlocks\Tekenen\MijnWindows\Source" />
				</ResourceCompiler>
				<Linker>
					<Add option="-s" />
				</Linker>
			</Target>
		</Build>
		<Unit filename="Source\Button\BitmapButton.cpp" />
		<Unit filename="Source\Button\BitmapButton.h" />
		<Unit filename="Source\Button\Button.cpp" />
		<Unit filename="Source\Button\Button.h" />
		<Unit filename="Source\Button\ButtonStrategy.cpp" />
		<Unit filename="Source\Button\ButtonStrategy.h" />
		<Unit filename="Source\Control\ButtonBar.cpp" />
		<Unit filename="Source\Control\ButtonBar.h" />
		<Unit filename="Source\Control\RadioButtonBar.cpp" />
		<Unit filename="Source\Control\RadioButtonBar.h" />
		<Unit filename="Source\Dialog\Dialog.cpp" />
		<Unit filename="Source\Dialog\Dialog.h" />
		<Unit filename="Source\Window\FrameWindow.cpp" />
		<Unit filename="Source\Window\FrameWindow.h" />
		<Unit filename="Source\Window\Window.cpp" />
		<Unit filename="Source\Window\Window.h" />
		<Extensions>
			<code_completion />
			<envvars />
			<debugger />
		</Extensions>
	</Project>
</CodeBlocks_project_file>
